<?xml version="1.0" encoding="utf-8"?>
<Project ToolsVersion="4.0" xmlns="http://schemas.microsoft.com/developer/msbuild/2003">
  <ItemGroup>
    <Filter Include="Source Files">
      <UniqueIdentifier>{4FC737F1-C7A5-4376-A066-2A32D752A2FF}</UniqueIdentifier>
      <Extensions>cpp;c;cc;cxx;c++;cppm;ixx;def;odl;idl;hpj;bat;asm;asmx</Extensions>
    </Filter>
    <Filter Include="Resource Files">
      <UniqueIdentifier>{67DA6AB6-F800-4c08-8B7A-83BB121AAD01}</UniqueIdentifier>
      <Extensions>rc;ico;cur;bmp;dlg;rc2;rct;bin;rgs;gif;jpg;jpeg;jpe;resx;tiff;tif;png;wav;mfcribbon-ms</Extensions>
    </Filter>
    <Filter Include="Libraries">
      <UniqueIdentifier>{51e8555b-c3f8-46ae-87f6-df2610fa57df}</UniqueIdentifier>
    </Filter>
    <Filter Include="Source Files\Geometry">
      <UniqueIdentifier>{fd90c756-497d-4367-a228-4e1b558ec2a3}</UniqueIdentifier>
    </Filter>
    <Filter Include="Source Files\Gui">
      <UniqueIdentifier>{74ff62f4-0a73-44eb-ab9f-e81ee022df6e}</UniqueIdentifier>
    </Filter>
    <Filter Include="Source Files\Containers">
      <UniqueIdentifier>{8970ac7b-11e2-43d3-bf9d-c2e946bf3000}</UniqueIdentifier>
    </Filter>
    <Filter Include="Source Files\Data">
      <UniqueIdentifier>{d78c5166-2d80-438e-a518-bcc4a8e86de0}</UniqueIdentifier>
    </Filter>
    <Filter Include="Source Files\Utils">
      <UniqueIdentifier>{7ec265d0-cb1a-4eec-83ce-2b0ba3e5ca78}</UniqueIdentifier>
    </Filter>
    <Filter Include="Visualizers">
      <UniqueIdentifier>{c17c8a4a-2b83-4fdb-88ee-47e3fec7822f}</UniqueIdentifier>
    </Filter>
    <Filter Include="Source Files\Settings">
      <UniqueIdentifier>{d729b2cd-04d9-4d7c-a6c8-426d0682a448}</UniqueIdentifier>
    </Filter>
  </ItemGroup>
  <ItemGroup>
    <CustomBuild Include="RFIX.WIN\$(ProjectName).rc2">
      <Filter>Resource Files</Filter>
    </CustomBuild>
    <CustomBuild Include="RFIX\$(ProjectName)Fix.grc">
      <Filter>Resource Files</Filter>
    </CustomBuild>
    <CustomBuild Include="RINT\$(ProjectName).grc">
      <Filter>Resource Files</Filter>
    </CustomBuild>
  </ItemGroup>
  <ItemGroup>
    <ClInclude Include="Src\APIEnvir.h">
      <Filter>Source Files</Filter>
    </ClInclude>
    <ClInclude Include="Src\PolygonReducer.hpp">
      <Filter>Source Files</Filter>
    </ClInclude>
    <ClInclude Include="Src\PolygonReducer_Resource.h">
      <Filter>Source Files</Filter>
    </ClInclude>
    <ClInclude Include="Src\Geometry\Coord.hpp">
      <Filter>Source Files\Geometry</Filter>
    </ClInclude>
    <ClInclude Include="Src\Geometry\Segment.hpp">
      <Filter>Source Files\Geometry</Filter>
    </ClInclude>
    <ClInclude Include="Src\Geometry\SubPolygon.hpp">
      <Filter>Source Files\Geometry</Filter>
    </ClInclude>
    <ClInclude Include="Src\Geometry\Polygon.hpp">
      <Filter>Source Files\Geometry</Filter>
    </ClInclude>
    <ClInclude Include="Src\Data\PolygonUserData.hpp">
      <Filter>Source Files\Data</Filter>
    </ClInclude>
    <ClInclude Include="Src\Containers\Array.hpp">
      <Filter>Source Files\Containers</Filter>
    </ClInclude>
    <ClInclude Include="Src\Gui\GDLDialog.hpp">
      <Filter>Source Files\Gui</Filter>
    </ClInclude>
    <ClInclude Include="Src\Gui\SettingsDialog.hpp">
      <Filter>Source Files\Gui</Filter>
    </ClInclude>
    <ClInclude Include="Src\Gui\InfoboxPanel.hpp">
      <Filter>Source Files\Gui</Filter>
    </ClInclude>
    <ClInclude Include="Src\Utils\Utils.hpp">
      <Filter>Source Files\Utils</Filter>
    </ClInclude>
    <ClInclude Include="Src\AC$(ACVersion)\APICommon.h">
      <Filter>Source Files</Filter>
    </ClInclude>
    <ClInclude Include="Src\Geometry\GeometryHelpers.hpp">
      <Filter>Source Files</Filter>
    </ClInclude>
    <ClInclude Include="$(CommonModules)\AC27.hpp">
      <Filter>Source Files</Filter>
    </ClInclude>
    <ClInclude Include="$(CommonModules)\WinReg\WinReg.hpp">
      <Filter>Source Files\Utils</Filter>
    </ClInclude>
    <ClInclude Include="$(CommonModules)\DateTime\DateTime.hpp">
      <Filter>Source Files\Utils</Filter>
    </ClInclude>
    <ClInclude Include="$(CommonModules)\Logger\Logger.hpp">
      <Filter>Source Files\Utils</Filter>
    </ClInclude>
    <ClInclude Include="Common\CommonLibs.cpp\Settings\SettingsSingletonBase.hpp">
      <Filter>Source Files\Settings</Filter>
    </ClInclude>
    <ClInclude Include="Src\Gui\SettingsSingleton.hpp">
      <Filter>Source Files\Settings</Filter>
    </ClInclude>
  </ItemGroup>
  <ItemGroup>
    <ClCompile Include="Src\PolygonReducer.cpp">
      <Filter>Source Files</Filter>
    </ClCompile>
    <ClCompile Include="Src\Geometry\Coord.cpp">
      <Filter>Source Files\Geometry</Filter>
    </ClCompile>
    <ClCompile Include="Src\Geometry\Segment.cpp">
      <Filter>Source Files\Geometry</Filter>
    </ClCompile>
    <ClCompile Include="Src\Geometry\SubPolygon.cpp">
      <Filter>Source Files\Geometry</Filter>
    </ClCompile>
    <ClCompile Include="Src\Geometry\Polygon.cpp">
      <Filter>Source Files\Geometry</Filter>
    </ClCompile>
    <ClCompile Include="Src\Data\PolygonUserData.cpp">
      <Filter>Source Files\Data</Filter>
    </ClCompile>
    <ClCompile Include="Src\Containers\Array.cpp">
      <Filter>Source Files\Containers</Filter>
    </ClCompile>
    <ClCompile Include="Src\Gui\GDLDialog.cpp">
      <Filter>Source Files\Gui</Filter>
    </ClCompile>
    <ClCompile Include="Src\Gui\SettingsDialog.cpp">
      <Filter>Source Files\Gui</Filter>
    </ClCompile>
    <ClCompile Include="Src\Gui\InfoboxPanel.cpp">
      <Filter>Source Files\Gui</Filter>
    </ClCompile>
    <ClCompile Include="Src\Utils\Utils.cpp">
      <Filter>Source Files\Utils</Filter>
    </ClCompile>
    <ClCompile Include="Src\Geometry\GeometryHelpers.cpp">
      <Filter>Source Files</Filter>
    </ClCompile>
    <ClCompile Include="Src\AC$(ACVersion)\APICommon.c">
      <Filter>Source Files</Filter>
    </ClCompile>
    <ClCompile Include="$(CommonModules)\Logger\Logger.cpp">
      <Filter>Source Files\Utils</Filter>
    </ClCompile>
    <ClCompile Include="$(CommonModules)\DateTime\DateTime.cpp">
      <Filter>Source Files\Utils</Filter>
    </ClCompile>
    <ClCompile Include="$(CommonModules)\WinReg\WinReg.cpp">
      <Filter>Source Files\Utils</Filter>
    </ClCompile>
    <ClCompile Include="Common\CommonLibs.cpp\Settings\SettingsSingletonBase.cpp">
      <Filter>Source Files\Settings</Filter>
    </ClCompile>
    <ClCompile Include="Src\Gui\SettingsSingleton.cpp">
      <Filter>Source Files\Settings</Filter>
    </ClCompile>
  </ItemGroup>
  <ItemGroup>
    <Library Include="$(ACDevKitModules)\VBElemDialogs\Win\VBElemDialogsImp.lib">
      <Filter>Libraries</Filter>
    </Library>
    <Library Include="$(ACDevKitModules)\Geometry\Win\GeometryImp.LIB">
      <Filter>Libraries</Filter>
    </Library>
    <Library Include="$(ACDevKitModules)\GSRoot\Win\GSRootImp.lib">
      <Filter>Libraries</Filter>
    </Library>
    <Library Include="$(ACDevKitModules)\GSUtils\Win\GSUtilsImp.lib">
      <Filter>Libraries</Filter>
    </Library>
    <Library Include="$(ACDevKitModules)\InputOutput\Win\InputOutputImp.lib">
      <Filter>Libraries</Filter>
    </Library>
    <Library Include="$(ACDevKitModules)\UCLib\Win\UCImp.lib">
      <Filter>Libraries</Filter>
    </Library>
    <Library Include="$(ACDevKitModules)\DGLib\Win\DGImp.lib">
      <Filter>Libraries</Filter>
    </Library>
    <Library Include="$(ACDevKitModules)\RS\Win\RSImp.LIB">
      <Filter>Libraries</Filter>
    </Library>
    <Library Include="$(ACDevKitSupport)\Lib$(WinCorr)\ACAP_STATD.lib">
      <Filter>Libraries</Filter>
    </Library>
  </ItemGroup>
  <ItemGroup>
    <None Include="Src\PolygonReducer.template.hpp">
      <Filter>Source Files</Filter>
    </None>
    <None Include="Readme.md" />
  </ItemGroup>
  <ItemGroup>
    <Natvis Include="$(NatVisRoot)\ODB.natvis">
      <Filter>Visualizers</Filter>
    </Natvis>
    <Natvis Include="$(NatVisRoot)\DynamicObject.natvis">
      <Filter>Visualizers</Filter>
    </Natvis>
    <Natvis Include="$(NatVisRoot)\Geometry.natvis">
      <Filter>Visualizers</Filter>
    </Natvis>
    <Natvis Include="$(NatVisRoot)\GS.natvis">
      <Filter>Visualizers</Filter>
    </Natvis>
    <Natvis Include="$(NatVisRoot)\GSModeler.natvis">
      <Filter>Visualizers</Filter>
    </Natvis>
    <Natvis Include="$(NatVisRoot)\GSXML.natvis">
      <Filter>Visualizers</Filter>
    </Natvis>
    <Natvis Include="$(NatVisRoot)\IO.natvis">
      <Filter>Visualizers</Filter>
    </Natvis>
    <Natvis Include="$(NatVisRoot)\Brep.natvis">
      <Filter>Visualizers</Filter>
    </Natvis>
    <Natvis Include="S_Types.natvis">
      <Filter>Visualizers</Filter>
    </Natvis>
  </ItemGroup>
</Project>