
Microsoft Visual Studio Solution File, Format Version 12.00
# Visual Studio Version 16
VisualStudioVersion = 16.0.30907.101
MinimumVisualStudioVersion = 10.0.40219.1
Project("{8BC9CEB8-8B4A-11D0-8D11-00A0C91BC942}") = "PolygonReducer", "PolygonReducer.vcxproj", "{2DAA4BB9-98C8-4099-9E81-977C5ACB7D38}"
EndProject
Project("{2150E333-8FDC-42A3-9474-1A3956D46DE8}") = "Solution Items", "Solution Items", "{53E48C56-637D-4AC5-B9E9-5F3DFE06963E}"
EndProject
Global
	GlobalSection(SolutionConfigurationPlatforms) = preSolution
		Debug 19|x64 = Debug 19|x64
		Release 19|x64 = Release 19|x64
		Debug 27|x64 = Debug 27|x64
		Release 27|x64 = Release 27|x64
	EndGlobalSection
	GlobalSection(ProjectConfigurationPlatforms) = postSolution
		{2DAA4BB9-98C8-4099-9E81-977C5ACB7D38}.Debug 19|x64.ActiveCfg = Debug 19|x64
		{2DAA4BB9-98C8-4099-9E81-977C5ACB7D38}.Debug 19|x64.Build.0 = Debug 19|x64
		{2DAA4BB9-98C8-4099-9E81-977C5ACB7D38}.Release 19|x64.ActiveCfg = Release 19|x64
		{2DAA4BB9-98C8-4099-9E81-977C5ACB7D38}.Release 19|x64.Build.0 = Release 19|x64
		{2DAA4BB9-98C8-4099-9E81-977C5ACB7D38}.Debug 27|x64.ActiveCfg = Debug 27|x64
		{2DAA4BB9-98C8-4099-9E81-977C5ACB7D38}.Debug 27|x64.Build.0 = Debug 27|x64
		{2DAA4BB9-98C8-4099-9E81-977C5ACB7D38}.Release 27|x64.ActiveCfg = Release 27|x64
		{2DAA4BB9-98C8-4099-9E81-977C5ACB7D38}.Release 27|x64.Build.0 = Release 27|x64
	EndGlobalSection
	GlobalSection(SolutionProperties) = preSolution
		HideSolutionNode = FALSE
	EndGlobalSection
	GlobalSection(ExtensibilityGlobals) = postSolution
		SolutionGuid = {79FFEDCD-BD06-492D-8088-F0072ADDC63D}
	EndGlobalSection
EndGlobal
