<?xml version="1.0" encoding="utf-8"?>
<Project ToolsVersion="4.0" xmlns="http://schemas.microsoft.com/developer/msbuild/2003">
  <ItemGroup>
    <Filter Include="Source Files">
      <UniqueIdentifier>{4FC737F1-C7A5-4376-A066-2A32D752A2FF}</UniqueIdentifier>
      <Extensions>cpp;c;cc;cxx;c++;cppm;ixx;def;odl;idl;hpj;bat;asm;asmx</Extensions>
    </Filter>
    <Filter Include="Header Files">
      <UniqueIdentifier>{93995380-89BD-4b04-88EB-625FBE52EBFB}</UniqueIdentifier>
      <Extensions>h;hh;hpp;hxx;h++;hm;inl;inc;ipp;xsd</Extensions>
    </Filter>
    <Filter Include="Resource Files">
      <UniqueIdentifier>{67DA6AB6-F800-4c08-8B7A-83BB121AAD01}</UniqueIdentifier>
      <Extensions>rc;ico;cur;bmp;dlg;rc2;rct;bin;rgs;gif;jpg;jpeg;jpe;resx;tiff;tif;png;wav;mfcribbon-ms</Extensions>
    </Filter>
    <Filter Include="Libraries">
      <UniqueIdentifier>{51e8555b-c3f8-46ae-87f6-df2610fa57df}</UniqueIdentifier>
    </Filter>
  </ItemGroup>
  <ItemGroup>
    <CustomBuild Include="RFIX.WIN\$(ProjectName).rc2">
      <Filter>Resource Files</Filter>
    </CustomBuild>
    <CustomBuild Include="RFIX\$(ProjectName)Fix.grc">
      <Filter>Resource Files</Filter>
    </CustomBuild>
    <CustomBuild Include="RINT\$(ProjectName).grc">
      <Filter>Resource Files</Filter>
    </CustomBuild>
  </ItemGroup>
  <ItemGroup>
    <ClInclude Include="Src\APIEnvir.h">
      <Filter>Header Files</Filter>
    </ClInclude>
    <ClInclude Include="Src\PolygonReducer_Resource.h">
      <Filter>Header Files</Filter>
    </ClInclude>
    <ClInclude Include="Src\APICommon.h">
      <Filter>Header Files</Filter>
    </ClInclude>
    <ClInclude Include="Src\InfoboxPanel.hpp">
      <Filter>Header Files</Filter>
    </ClInclude>
    <ClInclude Include="Src\PolygonReducer.hpp">
      <Filter>Header Files</Filter>
    </ClInclude>
  </ItemGroup>
  <ItemGroup>
    <ClCompile Include="Src\APICommon.c">
      <Filter>Source Files</Filter>
    </ClCompile>
    <ClCompile Include="Src\PolygonReducer.cpp">
      <Filter>Source Files</Filter>
    </ClCompile>
    <ClCompile Include="Src\InfoboxPanel.cpp">
      <Filter>Source Files</Filter>
    </ClCompile>
  </ItemGroup>
  <ItemGroup>
    <Library Include="$(APIDevKitSupport)\Lib\Win\ACAP_STAT.lib">
      <Filter>Libraries</Filter>
    </Library>
    <Library Include="$(APIDevKitModules)\DGLib\Win\DGImp.lib">
      <Filter>Libraries</Filter>
    </Library>
    <Library Include="$(APIDevKitModules)\GSRoot\Win\GSRootImp.lib">
      <Filter>Libraries</Filter>
    </Library>
    <Library Include="$(APIDevKitModules)\GSUtils\Win\GSUtilsImp.lib">
      <Filter>Libraries</Filter>
    </Library>
    <Library Include="$(APIDevKitModules)\InputOutput\Win\InputOutputImp.lib">
      <Filter>Libraries</Filter>
    </Library>
    <Library Include="$(APIDevKitModules)\UCLib\Win\UCImp.lib">
      <Filter>Libraries</Filter>
    </Library>
    <Library Include="$(APIDevKitModules)\VBElemDialogs\Win\VBElemDialogsImp.lib">
      <Filter>Libraries</Filter>
    </Library>
  </ItemGroup>
</Project>